
Microsoft Visual Studio Solution File, Format Version 12.00
# Visual Studio Version 17
VisualStudioVersion = 17.0.31919.166
MinimumVisualStudioVersion = 10.0.40219.1
Project("{FAE04EC0-301F-11D3-BF4B-00C04F79EFBC}") = "task-4", "task-4\task-4.csproj", "{0C19E0C3-3025-4E6C-B0B5-D7BA85DAA4A9}"
EndProject
Project("{FAE04EC0-301F-11D3-BF4B-00C04F79EFBC}") = "task-3", "task-3\task-3.csproj", "{F501D2C3-878B-487E-819F-A14EA3304C8B}"
EndProject
Global
	GlobalSection(SolutionConfigurationPlatforms) = preSolution
		Debug|Any CPU = Debug|Any CPU
		Release|Any CPU = Release|Any CPU
	EndGlobalSection
	GlobalSection(ProjectConfigurationPlatforms) = postSolution
		{0C19E0C3-3025-4E6C-B0B5-D7BA85DAA4A9}.Debug|Any CPU.ActiveCfg = Debug|Any CPU
		{0C19E0C3-3025-4E6C-B0B5-D7BA85DAA4A9}.Debug|Any CPU.Build.0 = Debug|Any CPU
		{0C19E0C3-3025-4E6C-B0B5-D7BA85DAA4A9}.Release|Any CPU.ActiveCfg = Release|Any CPU
		{0C19E0C3-3025-4E6C-B0B5-D7BA85DAA4A9}.Release|Any CPU.Build.0 = Release|Any CPU
		{F501D2C3-878B-487E-819F-A14EA3304C8B}.Debug|Any CPU.ActiveCfg = Debug|Any CPU
		{F501D2C3-878B-487E-819F-A14EA3304C8B}.Debug|Any CPU.Build.0 = Debug|Any CPU
		{F501D2C3-878B-487E-819F-A14EA3304C8B}.Release|Any CPU.ActiveCfg = Release|Any CPU
		{F501D2C3-878B-487E-819F-A14EA3304C8B}.Release|Any CPU.Build.0 = Release|Any CPU
	EndGlobalSection
	GlobalSection(SolutionProperties) = preSolution
		HideSolutionNode = FALSE
	EndGlobalSection
	GlobalSection(ExtensibilityGlobals) = postSolution
		SolutionGuid = {7413F328-32E7-4EF2-B5F6-BFD55688CD66}
	EndGlobalSection
EndGlobal
