
Microsoft Visual Studio Solution File, Format Version 12.00
# Visual Studio Version 17
VisualStudioVersion = 17.0.32014.148
MinimumVisualStudioVersion = 10.0.40219.1
Project("{FAE04EC0-301F-11D3-BF4B-00C04F79EFBC}") = "BookStore.Web", "BookStore.Web\BookStore.Web.csproj", "{2B62AB1F-AEEA-423F-ABFD-B899EF2C28B2}"
EndProject
Global
	GlobalSection(SolutionConfigurationPlatforms) = preSolution
		Debug|Any CPU = Debug|Any CPU
		Release|Any CPU = Release|Any CPU
	EndGlobalSection
	GlobalSection(ProjectConfigurationPlatforms) = postSolution
		{2B62AB1F-AEEA-423F-ABFD-B899EF2C28B2}.Debug|Any CPU.ActiveCfg = Debug|Any CPU
		{2B62AB1F-AEEA-423F-ABFD-B899EF2C28B2}.Debug|Any CPU.Build.0 = Debug|Any CPU
		{2B62AB1F-AEEA-423F-ABFD-B899EF2C28B2}.Release|Any CPU.ActiveCfg = Release|Any CPU
		{2B62AB1F-AEEA-423F-ABFD-B899EF2C28B2}.Release|Any CPU.Build.0 = Release|Any CPU
	EndGlobalSection
	GlobalSection(SolutionProperties) = preSolution
		HideSolutionNode = FALSE
	EndGlobalSection
	GlobalSection(ExtensibilityGlobals) = postSolution
		SolutionGuid = {64624B62-E35A-4776-B745-155906938497}
	EndGlobalSection
EndGlobal
