
Microsoft Visual Studio Solution File, Format Version 12.00
# Visual Studio Version 17
VisualStudioVersion = 17.0.32014.148
MinimumVisualStudioVersion = 10.0.40219.1
Project("{FAE04EC0-301F-11D3-BF4B-00C04F79EFBC}") = "FirstDemo.Web", "FirstDemo.Web\FirstDemo.Web.csproj", "{6711BA08-F115-4C05-B5D8-F5E6FF16F8AD}"
EndProject
Global
	GlobalSection(SolutionConfigurationPlatforms) = preSolution
		Debug|Any CPU = Debug|Any CPU
		Release|Any CPU = Release|Any CPU
	EndGlobalSection
	GlobalSection(ProjectConfigurationPlatforms) = postSolution
		{6711BA08-F115-4C05-B5D8-F5E6FF16F8AD}.Debug|Any CPU.ActiveCfg = Debug|Any CPU
		{6711BA08-F115-4C05-B5D8-F5E6FF16F8AD}.Debug|Any CPU.Build.0 = Debug|Any CPU
		{6711BA08-F115-4C05-B5D8-F5E6FF16F8AD}.Release|Any CPU.ActiveCfg = Release|Any CPU
		{6711BA08-F115-4C05-B5D8-F5E6FF16F8AD}.Release|Any CPU.Build.0 = Release|Any CPU
	EndGlobalSection
	GlobalSection(SolutionProperties) = preSolution
		HideSolutionNode = FALSE
	EndGlobalSection
	GlobalSection(ExtensibilityGlobals) = postSolution
		SolutionGuid = {4CF8C26C-F033-44FD-AC26-1D473F4CF166}
	EndGlobalSection
EndGlobal
